// !$*UTF8*$!
{
	archiveVersion = 1;
	classes = {
	};
	objectVersion = 55;
	objects = {

/* Begin PBXBuildFile section */
		3FFE38CC27DC3A0900D47F5C /* AppDelegate.swift in Sources */ = {isa = PBXBuildFile; fileRef = 3FFE38CB27DC3A0900D47F5C /* AppDelegate.swift */; };
		3FFE38CE27DC3A0900D47F5C /* SceneDelegate.swift in Sources */ = {isa = PBXBuildFile; fileRef = 3FFE38CD27DC3A0900D47F5C /* SceneDelegate.swift */; };
		3FFE38D027DC3A0900D47F5C /* ViewController.swift in Sources */ = {isa = PBXBuildFile; fileRef = 3FFE38CF27DC3A0900D47F5C /* ViewController.swift */; };
		3FFE38D327DC3A0900D47F5C /* Main.storyboard in Resources */ = {isa = PBXBuildFile; fileRef = 3FFE38D127DC3A0900D47F5C /* Main.storyboard */; };
		3FFE38D527DC3A0A00D47F5C /* Assets.xcassets in Resources */ = {isa = PBXBuildFile; fileRef = 3FFE38D427DC3A0A00D47F5C /* Assets.xcassets */; };
		3FFE38D827DC3A0A00D47F5C /* LaunchScreen.storyboard in Resources */ = {isa = PBXBuildFile; fileRef = 3FFE38D627DC3A0A00D47F5C /* LaunchScreen.storyboard */; };
		3FFE38E327DC3A0A00D47F5C /* DataPersistence1Tests.swift in Sources */ = {isa = PBXBuildFile; fileRef = 3FFE38E227DC3A0A00D47F5C /* DataPersistence1Tests.swift */; };
		3FFE38ED27DC3A0A00D47F5C /* DataPersistence1UITests.swift in Sources */ = {isa = PBXBuildFile; fileRef = 3FFE38EC27DC3A0A00D47F5C /* DataPersistence1UITests.swift */; };
		3FFE38EF27DC3A0A00D47F5C /* DataPersistence1UITestsLaunchTests.swift in Sources */ = {isa = PBXBuildFile; fileRef = 3FFE38EE27DC3A0A00D47F5C /* DataPersistence1UITestsLaunchTests.swift */; };
		3FFE38FC27DC438500D47F5C /* ViewControllerTextSave.swift in Sources */ = {isa = PBXBuildFile; fileRef = 3FFE38FB27DC438500D47F5C /* ViewControllerTextSave.swift */; };
/* End PBXBuildFile section */

/* Begin PBXContainerItemProxy section */
		3FFE38DF27DC3A0A00D47F5C /* PBXContainerItemProxy */ = {
			isa = PBXContainerItemProxy;
			containerPortal = 3FFE38C027DC3A0900D47F5C /* Project object */;
			proxyType = 1;
			remoteGlobalIDString = 3FFE38C727DC3A0900D47F5C;
			remoteInfo = DataPersistence1;
		};
		3FFE38E927DC3A0A00D47F5C /* PBXContainerItemProxy */ = {
			isa = PBXContainerItemProxy;
			containerPortal = 3FFE38C027DC3A0900D47F5C /* Project object */;
			proxyType = 1;
			remoteGlobalIDString = 3FFE38C727DC3A0900D47F5C;
			remoteInfo = DataPersistence1;
		};
/* End PBXContainerItemProxy section */

/* Begin PBXFileReference section */
		3FFE38C827DC3A0900D47F5C /* DataPersistence1.app */ = {isa = PBXFileReference; explicitFileType = wrapper.application; includeInIndex = 0; path = DataPersistence1.app; sourceTree = BUILT_PRODUCTS_DIR; };
		3FFE38CB27DC3A0900D47F5C /* AppDelegate.swift */ = {isa = PBXFileReference; lastKnownFileType = sourcecode.swift; path = AppDelegate.swift; sourceTree = "<group>"; };
		3FFE38CD27DC3A0900D47F5C /* SceneDelegate.swift */ = {isa = PBXFileReference; lastKnownFileType = sourcecode.swift; path = SceneDelegate.swift; sourceTree = "<group>"; };
		3FFE38CF27DC3A0900D47F5C /* ViewController.swift */ = {isa = PBXFileReference; lastKnownFileType = sourcecode.swift; path = ViewController.swift; sourceTree = "<group>"; };
		3FFE38D227DC3A0900D47F5C /* Base */ = {isa = PBXFileReference; lastKnownFileType = file.storyboard; name = Base; path = Base.lproj/Main.storyboard; sourceTree = "<group>"; };
		3FFE38D427DC3A0A00D47F5C /* Assets.xcassets */ = {isa = PBXFileReference; lastKnownFileType = folder.assetcatalog; path = Assets.xcassets; sourceTree = "<group>"; };
		3FFE38D727DC3A0A00D47F5C /* Base */ = {isa = PBXFileReference; lastKnownFileType = file.storyboard; name = Base; path = Base.lproj/LaunchScreen.storyboard; sourceTree = "<group>"; };
		3FFE38D927DC3A0A00D47F5C /* Info.plist */ = {isa = PBXFileReference; lastKnownFileType = text.plist.xml; path = Info.plist; sourceTree = "<group>"; };
		3FFE38DE27DC3A0A00D47F5C /* DataPersistence1Tests.xctest */ = {isa = PBXFileReference; explicitFileType = wrapper.cfbundle; includeInIndex = 0; path = DataPersistence1Tests.xctest; sourceTree = BUILT_PRODUCTS_DIR; };
		3FFE38E227DC3A0A00D47F5C /* DataPersistence1Tests.swift */ = {isa = PBXFileReference; lastKnownFileType = sourcecode.swift; path = DataPersistence1Tests.swift; sourceTree = "<group>"; };
		3FFE38E827DC3A0A00D47F5C /* DataPersistence1UITests.xctest */ = {isa = PBXFileReference; explicitFileType = wrapper.cfbundle; includeInIndex = 0; path = DataPersistence1UITests.xctest; sourceTree = BUILT_PRODUCTS_DIR; };
		3FFE38EC27DC3A0A00D47F5C /* DataPersistence1UITests.swift */ = {isa = PBXFileReference; lastKnownFileType = sourcecode.swift; path = DataPersistence1UITests.swift; sourceTree = "<group>"; };
		3FFE38EE27DC3A0A00D47F5C /* DataPersistence1UITestsLaunchTests.swift */ = {isa = PBXFileReference; lastKnownFileType = sourcecode.swift; path = DataPersistence1UITestsLaunchTests.swift; sourceTree = "<group>"; };
		3FFE38FB27DC438500D47F5C /* ViewControllerTextSave.swift */ = {isa = PBXFileReference; lastKnownFileType = sourcecode.swift; path = ViewControllerTextSave.swift; sourceTree = "<group>"; };
/* End PBXFileReference section */

/* Begin PBXFrameworksBuildPhase section */
		3FFE38C527DC3A0900D47F5C /* Frameworks */ = {
			isa = PBXFrameworksBuildPhase;
			buildActionMask = 2147483647;
			files = (
			);
			runOnlyForDeploymentPostprocessing = 0;
		};
		3FFE38DB27DC3A0A00D47F5C /* Frameworks */ = {
			isa = PBXFrameworksBuildPhase;
			buildActionMask = 2147483647;
			files = (
			);
			runOnlyForDeploymentPostprocessing = 0;
		};
		3FFE38E527DC3A0A00D47F5C /* Frameworks */ = {
			isa = PBXFrameworksBuildPhase;
			buildActionMask = 2147483647;
			files = (
			);
			runOnlyForDeploymentPostprocessing = 0;
		};
/* End PBXFrameworksBuildPhase section */

/* Begin PBXGroup section */
		3FFE38BF27DC3A0900D47F5C = {
			isa = PBXGroup;
			children = (
				3FFE38CA27DC3A0900D47F5C /* DataPersistence1 */,
				3FFE38E127DC3A0A00D47F5C /* DataPersistence1Tests */,
				3FFE38EB27DC3A0A00D47F5C /* DataPersistence1UITests */,
				3FFE38C927DC3A0900D47F5C /* Products */,
			);
			sourceTree = "<group>";
		};
		3FFE38C927DC3A0900D47F5C /* Products */ = {
			isa = PBXGroup;
			children = (
				3FFE38C827DC3A0900D47F5C /* DataPersistence1.app */,
				3FFE38DE27DC3A0A00D47F5C /* DataPersistence1Tests.xctest */,
				3FFE38E827DC3A0A00D47F5C /* DataPersistence1UITests.xctest */,
			);
			name = Products;
			sourceTree = "<group>";
		};
		3FFE38CA27DC3A0900D47F5C /* DataPersistence1 */ = {
			isa = PBXGroup;
			children = (
				3FFE38CB27DC3A0900D47F5C /* AppDelegate.swift */,
				3FFE38CD27DC3A0900D47F5C /* SceneDelegate.swift */,
				3FFE38CF27DC3A0900D47F5C /* ViewController.swift */,
				3FFE38D127DC3A0900D47F5C /* Main.storyboard */,
				3FFE38D427DC3A0A00D47F5C /* Assets.xcassets */,
				3FFE38D627DC3A0A00D47F5C /* LaunchScreen.storyboard */,
				3FFE38D927DC3A0A00D47F5C /* Info.plist */,
				3FFE38FB27DC438500D47F5C /* ViewControllerTextSave.swift */,
			);
			path = DataPersistence1;
			sourceTree = "<group>";
		};
		3FFE38E127DC3A0A00D47F5C /* DataPersistence1Tests */ = {
			isa = PBXGroup;
			children = (
				3FFE38E227DC3A0A00D47F5C /* DataPersistence1Tests.swift */,
			);
			path = DataPersistence1Tests;
			sourceTree = "<group>";
		};
		3FFE38EB27DC3A0A00D47F5C /* DataPersistence1UITests */ = {
			isa = PBXGroup;
			children = (
				3FFE38EC27DC3A0A00D47F5C /* DataPersistence1UITests.swift */,
				3FFE38EE27DC3A0A00D47F5C /* DataPersistence1UITestsLaunchTests.swift */,
			);
			path = DataPersistence1UITests;
			sourceTree = "<group>";
		};
/* End PBXGroup section */

/* Begin PBXNativeTarget section */
		3FFE38C727DC3A0900D47F5C /* DataPersistence1 */ = {
			isa = PBXNativeTarget;
			buildConfigurationList = 3FFE38F227DC3A0A00D47F5C /* Build configuration list for PBXNativeTarget "DataPersistence1" */;
			buildPhases = (
				3FFE38C427DC3A0900D47F5C /* Sources */,
				3FFE38C527DC3A0900D47F5C /* Frameworks */,
				3FFE38C627DC3A0900D47F5C /* Resources */,
			);
			buildRules = (
			);
			dependencies = (
			);
			name = DataPersistence1;
			productName = DataPersistence1;
			productReference = 3FFE38C827DC3A0900D47F5C /* DataPersistence1.app */;
			productType = "com.apple.product-type.application";
		};
		3FFE38DD27DC3A0A00D47F5C /* DataPersistence1Tests */ = {
			isa = PBXNativeTarget;
			buildConfigurationList = 3FFE38F527DC3A0A00D47F5C /* Build configuration list for PBXNativeTarget "DataPersistence1Tests" */;
			buildPhases = (
				3FFE38DA27DC3A0A00D47F5C /* Sources */,
				3FFE38DB27DC3A0A00D47F5C /* Frameworks */,
				3FFE38DC27DC3A0A00D47F5C /* Resources */,
			);
			buildRules = (
			);
			dependencies = (
				3FFE38E027DC3A0A00D47F5C /* PBXTargetDependency */,
			);
			name = DataPersistence1Tests;
			productName = DataPersistence1Tests;
			productReference = 3FFE38DE27DC3A0A00D47F5C /* DataPersistence1Tests.xctest */;
			productType = "com.apple.product-type.bundle.unit-test";
		};
		3FFE38E727DC3A0A00D47F5C /* DataPersistence1UITests */ = {
			isa = PBXNativeTarget;
			buildConfigurationList = 3FFE38F827DC3A0A00D47F5C /* Build configuration list for PBXNativeTarget "DataPersistence1UITests" */;
			buildPhases = (
				3FFE38E427DC3A0A00D47F5C /* Sources */,
				3FFE38E527DC3A0A00D47F5C /* Frameworks */,
				3FFE38E627DC3A0A00D47F5C /* Resources */,
			);
			buildRules = (
			);
			dependencies = (
				3FFE38EA27DC3A0A00D47F5C /* PBXTargetDependency */,
			);
			name = DataPersistence1UITests;
			productName = DataPersistence1UITests;
			productReference = 3FFE38E827DC3A0A00D47F5C /* DataPersistence1UITests.xctest */;
			productType = "com.apple.product-type.bundle.ui-testing";
		};
/* End PBXNativeTarget section */

/* Begin PBXProject section */
		3FFE38C027DC3A0900D47F5C /* Project object */ = {
			isa = PBXProject;
			attributes = {
				BuildIndependentTargetsInParallel = 1;
				LastSwiftUpdateCheck = 1320;
				LastUpgradeCheck = 1320;
				TargetAttributes = {
					3FFE38C727DC3A0900D47F5C = {
						CreatedOnToolsVersion = 13.2.1;
					};
					3FFE38DD27DC3A0A00D47F5C = {
						CreatedOnToolsVersion = 13.2.1;
						TestTargetID = 3FFE38C727DC3A0900D47F5C;
					};
					3FFE38E727DC3A0A00D47F5C = {
						CreatedOnToolsVersion = 13.2.1;
						TestTargetID = 3FFE38C727DC3A0900D47F5C;
					};
				};
			};
			buildConfigurationList = 3FFE38C327DC3A0900D47F5C /* Build configuration list for PBXProject "DataPersistence1" */;
			compatibilityVersion = "Xcode 13.0";
			developmentRegion = en;
			hasScannedForEncodings = 0;
			knownRegions = (
				en,
				Base,
			);
			mainGroup = 3FFE38BF27DC3A0900D47F5C;
			productRefGroup = 3FFE38C927DC3A0900D47F5C /* Products */;
			projectDirPath = "";
			projectRoot = "";
			targets = (
				3FFE38C727DC3A0900D47F5C /* DataPersistence1 */,
				3FFE38DD27DC3A0A00D47F5C /* DataPersistence1Tests */,
				3FFE38E727DC3A0A00D47F5C /* DataPersistence1UITests */,
			);
		};
/* End PBXProject section */

/* Begin PBXResourcesBuildPhase section */
		3FFE38C627DC3A0900D47F5C /* Resources */ = {
			isa = PBXResourcesBuildPhase;
			buildActionMask = 2147483647;
			files = (
				3FFE38D827DC3A0A00D47F5C /* LaunchScreen.storyboard in Resources */,
				3FFE38D527DC3A0A00D47F5C /* Assets.xcassets in Resources */,
				3FFE38D327DC3A0900D47F5C /* Main.storyboard in Resources */,
			);
			runOnlyForDeploymentPostprocessing = 0;
		};
		3FFE38DC27DC3A0A00D47F5C /* Resources */ = {
			isa = PBXResourcesBuildPhase;
			buildActionMask = 2147483647;
			files = (
			);
			runOnlyForDeploymentPostprocessing = 0;
		};
		3FFE38E627DC3A0A00D47F5C /* Resources */ = {
			isa = PBXResourcesBuildPhase;
			buildActionMask = 2147483647;
			files = (
			);
			runOnlyForDeploymentPostprocessing = 0;
		};
/* End PBXResourcesBuildPhase section */

/* Begin PBXSourcesBuildPhase section */
		3FFE38C427DC3A0900D47F5C /* Sources */ = {
			isa = PBXSourcesBuildPhase;
			buildActionMask = 2147483647;
			files = (
				3FFE38D027DC3A0900D47F5C /* ViewController.swift in Sources */,
				3FFE38CC27DC3A0900D47F5C /* AppDelegate.swift in Sources */,
				3FFE38FC27DC438500D47F5C /* ViewControllerTextSave.swift in Sources */,
				3FFE38CE27DC3A0900D47F5C /* SceneDelegate.swift in Sources */,
			);
			runOnlyForDeploymentPostprocessing = 0;
		};
		3FFE38DA27DC3A0A00D47F5C /* Sources */ = {
			isa = PBXSourcesBuildPhase;
			buildActionMask = 2147483647;
			files = (
				3FFE38E327DC3A0A00D47F5C /* DataPersistence1Tests.swift in Sources */,
			);
			runOnlyForDeploymentPostprocessing = 0;
		};
		3FFE38E427DC3A0A00D47F5C /* Sources */ = {
			isa = PBXSourcesBuildPhase;
			buildActionMask = 2147483647;
			files = (
				3FFE38EF27DC3A0A00D47F5C /* DataPersistence1UITestsLaunchTests.swift in Sources */,
				3FFE38ED27DC3A0A00D47F5C /* DataPersistence1UITests.swift in Sources */,
			);
			runOnlyForDeploymentPostprocessing = 0;
		};
/* End PBXSourcesBuildPhase section */

/* Begin PBXTargetDependency section */
		3FFE38E027DC3A0A00D47F5C /* PBXTargetDependency */ = {
			isa = PBXTargetDependency;
			target = 3FFE38C727DC3A0900D47F5C /* DataPersistence1 */;
			targetProxy = 3FFE38DF27DC3A0A00D47F5C /* PBXContainerItemProxy */;
		};
		3FFE38EA27DC3A0A00D47F5C /* PBXTargetDependency */ = {
			isa = PBXTargetDependency;
			target = 3FFE38C727DC3A0900D47F5C /* DataPersistence1 */;
			targetProxy = 3FFE38E927DC3A0A00D47F5C /* PBXContainerItemProxy */;
		};
/* End PBXTargetDependency section */

/* Begin PBXVariantGroup section */
		3FFE38D127DC3A0900D47F5C /* Main.storyboard */ = {
			isa = PBXVariantGroup;
			children = (
				3FFE38D227DC3A0900D47F5C /* Base */,
			);
			name = Main.storyboard;
			sourceTree = "<group>";
		};
		3FFE38D627DC3A0A00D47F5C /* LaunchScreen.storyboard */ = {
			isa = PBXVariantGroup;
			children = (
				3FFE38D727DC3A0A00D47F5C /* Base */,
			);
			name = LaunchScreen.storyboard;
			sourceTree = "<group>";
		};
/* End PBXVariantGroup section */

/* Begin XCBuildConfiguration section */
		3FFE38F027DC3A0A00D47F5C /* Debug */ = {
			isa = XCBuildConfiguration;
			buildSettings = {
				ALWAYS_SEARCH_USER_PATHS = NO;
				CLANG_ANALYZER_NONNULL = YES;
				CLANG_ANALYZER_NUMBER_OBJECT_CONVERSION = YES_AGGRESSIVE;
				CLANG_CXX_LANGUAGE_STANDARD = "gnu++17";
				CLANG_CXX_LIBRARY = "libc++";
				CLANG_ENABLE_MODULES = YES;
				CLANG_ENABLE_OBJC_ARC = YES;
				CLANG_ENABLE_OBJC_WEAK = YES;
				CLANG_WARN_BLOCK_CAPTURE_AUTORELEASING = YES;
				CLANG_WARN_BOOL_CONVERSION = YES;
				CLANG_WARN_COMMA = YES;
				CLANG_WARN_CONSTANT_CONVERSION = YES;
				CLANG_WARN_DEPRECATED_OBJC_IMPLEMENTATIONS = YES;
				CLANG_WARN_DIRECT_OBJC_ISA_USAGE = YES_ERROR;
				CLANG_WARN_DOCUMENTATION_COMMENTS = YES;
				CLANG_WARN_EMPTY_BODY = YES;
				CLANG_WARN_ENUM_CONVERSION = YES;
				CLANG_WARN_INFINITE_RECURSION = YES;
				CLANG_WARN_INT_CONVERSION = YES;
				CLANG_WARN_NON_LITERAL_NULL_CONVERSION = YES;
				CLANG_WARN_OBJC_IMPLICIT_RETAIN_SELF = YES;
				CLANG_WARN_OBJC_LITERAL_CONVERSION = YES;
				CLANG_WARN_OBJC_ROOT_CLASS = YES_ERROR;
				CLANG_WARN_QUOTED_INCLUDE_IN_FRAMEWORK_HEADER = YES;
				CLANG_WARN_RANGE_LOOP_ANALYSIS = YES;
				CLANG_WARN_STRICT_PROTOTYPES = YES;
				CLANG_WARN_SUSPICIOUS_MOVE = YES;
				CLANG_WARN_UNGUARDED_AVAILABILITY = YES_AGGRESSIVE;
				CLANG_WARN_UNREACHABLE_CODE = YES;
				CLANG_WARN__DUPLICATE_METHOD_MATCH = YES;
				COPY_PHASE_STRIP = NO;
				DEBUG_INFORMATION_FORMAT = dwarf;
				ENABLE_STRICT_OBJC_MSGSEND = YES;
				ENABLE_TESTABILITY = YES;
				GCC_C_LANGUAGE_STANDARD = gnu11;
				GCC_DYNAMIC_NO_PIC = NO;
				GCC_NO_COMMON_BLOCKS = YES;
				GCC_OPTIMIZATION_LEVEL = 0;
				GCC_PREPROCESSOR_DEFINITIONS = (
					"DEBUG=1",
					"$(inherited)",
				);
				GCC_WARN_64_TO_32_BIT_CONVERSION = YES;
				GCC_WARN_ABOUT_RETURN_TYPE = YES_ERROR;
				GCC_WARN_UNDECLARED_SELECTOR = YES;
				GCC_WARN_UNINITIALIZED_AUTOS = YES_AGGRESSIVE;
				GCC_WARN_UNUSED_FUNCTION = YES;
				GCC_WARN_UNUSED_VARIABLE = YES;
				IPHONEOS_DEPLOYMENT_TARGET = 15.2;
				MTL_ENABLE_DEBUG_INFO = INCLUDE_SOURCE;
				MTL_FAST_MATH = YES;
				ONLY_ACTIVE_ARCH = YES;
				SDKROOT = iphoneos;
				SWIFT_ACTIVE_COMPILATION_CONDITIONS = DEBUG;
				SWIFT_OPTIMIZATION_LEVEL = "-Onone";
			};
			name = Debug;
		};
		3FFE38F127DC3A0A00D47F5C /* Release */ = {
			isa = XCBuildConfiguration;
			buildSettings = {
				ALWAYS_SEARCH_USER_PATHS = NO;
				CLANG_ANALYZER_NONNULL = YES;
				CLANG_ANALYZER_NUMBER_OBJECT_CONVERSION = YES_AGGRESSIVE;
				CLANG_CXX_LANGUAGE_STANDARD = "gnu++17";
				CLANG_CXX_LIBRARY = "libc++";
				CLANG_ENABLE_MODULES = YES;
				CLANG_ENABLE_OBJC_ARC = YES;
				CLANG_ENABLE_OBJC_WEAK = YES;
				CLANG_WARN_BLOCK_CAPTURE_AUTORELEASING = YES;
				CLANG_WARN_BOOL_CONVERSION = YES;
				CLANG_WARN_COMMA = YES;
				CLANG_WARN_CONSTANT_CONVERSION = YES;
				CLANG_WARN_DEPRECATED_OBJC_IMPLEMENTATIONS = YES;
				CLANG_WARN_DIRECT_OBJC_ISA_USAGE = YES_ERROR;
				CLANG_WARN_DOCUMENTATION_COMMENTS = YES;
				CLANG_WARN_EMPTY_BODY = YES;
				CLANG_WARN_ENUM_CONVERSION = YES;
				CLANG_WARN_INFINITE_RECURSION = YES;
				CLANG_WARN_INT_CONVERSION = YES;
				CLANG_WARN_NON_LITERAL_NULL_CONVERSION = YES;
				CLANG_WARN_OBJC_IMPLICIT_RETAIN_SELF = YES;
				CLANG_WARN_OBJC_LITERAL_CONVERSION = YES;
				CLANG_WARN_OBJC_ROOT_CLASS = YES_ERROR;
				CLANG_WARN_QUOTED_INCLUDE_IN_FRAMEWORK_HEADER = YES;
				CLANG_WARN_RANGE_LOOP_ANALYSIS = YES;
				CLANG_WARN_STRICT_PROTOTYPES = YES;
				CLANG_WARN_SUSPICIOUS_MOVE = YES;
				CLANG_WARN_UNGUARDED_AVAILABILITY = YES_AGGRESSIVE;
				CLANG_WARN_UNREACHABLE_CODE = YES;
				CLANG_WARN__DUPLICATE_METHOD_MATCH = YES;
				COPY_PHASE_STRIP = NO;
				DEBUG_INFORMATION_FORMAT = "dwarf-with-dsym";
				ENABLE_NS_ASSERTIONS = NO;
				ENABLE_STRICT_OBJC_MSGSEND = YES;
				GCC_C_LANGUAGE_STANDARD = gnu11;
				GCC_NO_COMMON_BLOCKS = YES;
				GCC_WARN_64_TO_32_BIT_CONVERSION = YES;
				GCC_WARN_ABOUT_RETURN_TYPE = YES_ERROR;
				GCC_WARN_UNDECLARED_SELECTOR = YES;
				GCC_WARN_UNINITIALIZED_AUTOS = YES_AGGRESSIVE;
				GCC_WARN_UNUSED_FUNCTION = YES;
				GCC_WARN_UNUSED_VARIABLE = YES;
				IPHONEOS_DEPLOYMENT_TARGET = 15.2;
				MTL_ENABLE_DEBUG_INFO = NO;
				MTL_FAST_MATH = YES;
				SDKROOT = iphoneos;
				SWIFT_COMPILATION_MODE = wholemodule;
				SWIFT_OPTIMIZATION_LEVEL = "-O";
				VALIDATE_PRODUCT = YES;
			};
			name = Release;
		};
		3FFE38F327DC3A0A00D47F5C /* Debug */ = {
			isa = XCBuildConfiguration;
			buildSettings = {
				ASSETCATALOG_COMPILER_APPICON_NAME = AppIcon;
				ASSETCATALOG_COMPILER_GLOBAL_ACCENT_COLOR_NAME = AccentColor;
				CODE_SIGN_STYLE = Automatic;
				CURRENT_PROJECT_VERSION = 1;
				GENERATE_INFOPLIST_FILE = YES;
				INFOPLIST_FILE = DataPersistence1/Info.plist;
				INFOPLIST_KEY_UIApplicationSupportsIndirectInputEvents = YES;
				INFOPLIST_KEY_UILaunchStoryboardName = LaunchScreen;
				INFOPLIST_KEY_UIMainStoryboardFile = Main;
				INFOPLIST_KEY_UISupportedInterfaceOrientations_iPad = "UIInterfaceOrientationPortrait UIInterfaceOrientationPortraitUpsideDown UIInterfaceOrientationLandscapeLeft UIInterfaceOrientationLandscapeRight";
				INFOPLIST_KEY_UISupportedInterfaceOrientations_iPhone = "UIInterfaceOrientationPortrait UIInterfaceOrientationLandscapeLeft UIInterfaceOrientationLandscapeRight";
				LD_RUNPATH_SEARCH_PATHS = (
					"$(inherited)",
					"@executable_path/Frameworks",
				);
				MARKETING_VERSION = 1.0;
				PRODUCT_BUNDLE_IDENTIFIER = MCC.DataPersistence1;
				PRODUCT_NAME = "$(TARGET_NAME)";
				SWIFT_EMIT_LOC_STRINGS = YES;
				SWIFT_VERSION = 5.0;
				TARGETED_DEVICE_FAMILY = "1,2";
			};
			name = Debug;
		};
		3FFE38F427DC3A0A00D47F5C /* Release */ = {
			isa = XCBuildConfiguration;
			buildSettings = {
				ASSETCATALOG_COMPILER_APPICON_NAME = AppIcon;
				ASSETCATALOG_COMPILER_GLOBAL_ACCENT_COLOR_NAME = AccentColor;
				CODE_SIGN_STYLE = Automatic;
				CURRENT_PROJECT_VERSION = 1;
				GENERATE_INFOPLIST_FILE = YES;
				INFOPLIST_FILE = DataPersistence1/Info.plist;
				INFOPLIST_KEY_UIApplicationSupportsIndirectInputEvents = YES;
				INFOPLIST_KEY_UILaunchStoryboardName = LaunchScreen;
				INFOPLIST_KEY_UIMainStoryboardFile = Main;
				INFOPLIST_KEY_UISupportedInterfaceOrientations_iPad = "UIInterfaceOrientationPortrait UIInterfaceOrientationPortraitUpsideDown UIInterfaceOrientationLandscapeLeft UIInterfaceOrientationLandscapeRight";
				INFOPLIST_KEY_UISupportedInterfaceOrientations_iPhone = "UIInterfaceOrientationPortrait UIInterfaceOrientationLandscapeLeft UIInterfaceOrientationLandscapeRight";
				LD_RUNPATH_SEARCH_PATHS = (
					"$(inherited)",
					"@executable_path/Frameworks",
				);
				MARKETING_VERSION = 1.0;
				PRODUCT_BUNDLE_IDENTIFIER = MCC.DataPersistence1;
				PRODUCT_NAME = "$(TARGET_NAME)";
				SWIFT_EMIT_LOC_STRINGS = YES;
				SWIFT_VERSION = 5.0;
				TARGETED_DEVICE_FAMILY = "1,2";
			};
			name = Release;
		};
		3FFE38F627DC3A0A00D47F5C /* Debug */ = {
			isa = XCBuildConfiguration;
			buildSettings = {
				ALWAYS_EMBED_SWIFT_STANDARD_LIBRARIES = YES;
				BUNDLE_LOADER = "$(TEST_HOST)";
				CODE_SIGN_STYLE = Automatic;
				CURRENT_PROJECT_VERSION = 1;
				GENERATE_INFOPLIST_FILE = YES;
				IPHONEOS_DEPLOYMENT_TARGET = 15.2;
				MARKETING_VERSION = 1.0;
				PRODUCT_BUNDLE_IDENTIFIER = MCC.DataPersistence1Tests;
				PRODUCT_NAME = "$(TARGET_NAME)";
				SWIFT_EMIT_LOC_STRINGS = NO;
				SWIFT_VERSION = 5.0;
				TARGETED_DEVICE_FAMILY = "1,2";
				TEST_HOST = "$(BUILT_PRODUCTS_DIR)/DataPersistence1.app/DataPersistence1";
			};
			name = Debug;
		};
		3FFE38F727DC3A0A00D47F5C /* Release */ = {
			isa = XCBuildConfiguration;
			buildSettings = {
				ALWAYS_EMBED_SWIFT_STANDARD_LIBRARIES = YES;
				BUNDLE_LOADER = "$(TEST_HOST)";
				CODE_SIGN_STYLE = Automatic;
				CURRENT_PROJECT_VERSION = 1;
				GENERATE_INFOPLIST_FILE = YES;
				IPHONEOS_DEPLOYMENT_TARGET = 15.2;
				MARKETING_VERSION = 1.0;
				PRODUCT_BUNDLE_IDENTIFIER = MCC.DataPersistence1Tests;
				PRODUCT_NAME = "$(TARGET_NAME)";
				SWIFT_EMIT_LOC_STRINGS = NO;
				SWIFT_VERSION = 5.0;
				TARGETED_DEVICE_FAMILY = "1,2";
				TEST_HOST = "$(BUILT_PRODUCTS_DIR)/DataPersistence1.app/DataPersistence1";
			};
			name = Release;
		};
		3FFE38F927DC3A0A00D47F5C /* Debug */ = {
			isa = XCBuildConfiguration;
			buildSettings = {
				ALWAYS_EMBED_SWIFT_STANDARD_LIBRARIES = YES;
				CODE_SIGN_STYLE = Automatic;
				CURRENT_PROJECT_VERSION = 1;
				GENERATE_INFOPLIST_FILE = YES;
				MARKETING_VERSION = 1.0;
				PRODUCT_BUNDLE_IDENTIFIER = MCC.DataPersistence1UITests;
				PRODUCT_NAME = "$(TARGET_NAME)";
				SWIFT_EMIT_LOC_STRINGS = NO;
				SWIFT_VERSION = 5.0;
				TARGETED_DEVICE_FAMILY = "1,2";
				TEST_TARGET_NAME = DataPersistence1;
			};
			name = Debug;
		};
		3FFE38FA27DC3A0A00D47F5C /* Release */ = {
			isa = XCBuildConfiguration;
			buildSettings = {
				ALWAYS_EMBED_SWIFT_STANDARD_LIBRARIES = YES;
				CODE_SIGN_STYLE = Automatic;
				CURRENT_PROJECT_VERSION = 1;
				GENERATE_INFOPLIST_FILE = YES;
				MARKETING_VERSION = 1.0;
				PRODUCT_BUNDLE_IDENTIFIER = MCC.DataPersistence1UITests;
				PRODUCT_NAME = "$(TARGET_NAME)";
				SWIFT_EMIT_LOC_STRINGS = NO;
				SWIFT_VERSION = 5.0;
				TARGETED_DEVICE_FAMILY = "1,2";
				TEST_TARGET_NAME = DataPersistence1;
			};
			name = Release;
		};
/* End XCBuildConfiguration section */

/* Begin XCConfigurationList section */
		3FFE38C327DC3A0900D47F5C /* Build configuration list for PBXProject "DataPersistence1" */ = {
			isa = XCConfigurationList;
			buildConfigurations = (
				3FFE38F027DC3A0A00D47F5C /* Debug */,
				3FFE38F127DC3A0A00D47F5C /* Release */,
			);
			defaultConfigurationIsVisible = 0;
			defaultConfigurationName = Release;
		};
		3FFE38F227DC3A0A00D47F5C /* Build configuration list for PBXNativeTarget "DataPersistence1" */ = {
			isa = XCConfigurationList;
			buildConfigurations = (
				3FFE38F327DC3A0A00D47F5C /* Debug */,
				3FFE38F427DC3A0A00D47F5C /* Release */,
			);
			defaultConfigurationIsVisible = 0;
			defaultConfigurationName = Release;
		};
		3FFE38F527DC3A0A00D47F5C /* Build configuration list for PBXNativeTarget "DataPersistence1Tests" */ = {
			isa = XCConfigurationList;
			buildConfigurations = (
				3FFE38F627DC3A0A00D47F5C /* Debug */,
				3FFE38F727DC3A0A00D47F5C /* Release */,
			);
			defaultConfigurationIsVisible = 0;
			defaultConfigurationName = Release;
		};
		3FFE38F827DC3A0A00D47F5C /* Build configuration list for PBXNativeTarget "DataPersistence1UITests" */ = {
			isa = XCConfigurationList;
			buildConfigurations = (
				3FFE38F927DC3A0A00D47F5C /* Debug */,
				3FFE38FA27DC3A0A00D47F5C /* Release */,
			);
			defaultConfigurationIsVisible = 0;
			defaultConfigurationName = Release;
		};
/* End XCConfigurationList section */
	};
	rootObject = 3FFE38C027DC3A0900D47F5C /* Project object */;
}
