// !$*UTF8*$!
{
	archiveVersion = 1;
	classes = {
	};
	objectVersion = 55;
	objects = {

/* Begin PBXBuildFile section */
		3FFE390A27DD2A4800D47F5C /* AppDelegate.swift in Sources */ = {isa = PBXBuildFile; fileRef = 3FFE390927DD2A4800D47F5C /* AppDelegate.swift */; };
		3FFE390C27DD2A4800D47F5C /* SceneDelegate.swift in Sources */ = {isa = PBXBuildFile; fileRef = 3FFE390B27DD2A4800D47F5C /* SceneDelegate.swift */; };
		3FFE390E27DD2A4800D47F5C /* ViewController.swift in Sources */ = {isa = PBXBuildFile; fileRef = 3FFE390D27DD2A4800D47F5C /* ViewController.swift */; };
		3FFE391127DD2A4800D47F5C /* Main.storyboard in Resources */ = {isa = PBXBuildFile; fileRef = 3FFE390F27DD2A4800D47F5C /* Main.storyboard */; };
		3FFE391427DD2A4800D47F5C /* DataCoreApp.xcdatamodeld in Sources */ = {isa = PBXBuildFile; fileRef = 3FFE391227DD2A4800D47F5C /* DataCoreApp.xcdatamodeld */; };
		3FFE391627DD2A4900D47F5C /* Assets.xcassets in Resources */ = {isa = PBXBuildFile; fileRef = 3FFE391527DD2A4900D47F5C /* Assets.xcassets */; };
		3FFE391927DD2A4900D47F5C /* LaunchScreen.storyboard in Resources */ = {isa = PBXBuildFile; fileRef = 3FFE391727DD2A4900D47F5C /* LaunchScreen.storyboard */; };
		3FFE392427DD2A4A00D47F5C /* DataCoreAppTests.swift in Sources */ = {isa = PBXBuildFile; fileRef = 3FFE392327DD2A4A00D47F5C /* DataCoreAppTests.swift */; };
		3FFE392E27DD2A4A00D47F5C /* DataCoreAppUITests.swift in Sources */ = {isa = PBXBuildFile; fileRef = 3FFE392D27DD2A4A00D47F5C /* DataCoreAppUITests.swift */; };
		3FFE393027DD2A4A00D47F5C /* DataCoreAppUITestsLaunchTests.swift in Sources */ = {isa = PBXBuildFile; fileRef = 3FFE392F27DD2A4A00D47F5C /* DataCoreAppUITestsLaunchTests.swift */; };
/* End PBXBuildFile section */

/* Begin PBXContainerItemProxy section */
		3FFE392027DD2A4A00D47F5C /* PBXContainerItemProxy */ = {
			isa = PBXContainerItemProxy;
			containerPortal = 3FFE38FE27DD2A4800D47F5C /* Project object */;
			proxyType = 1;
			remoteGlobalIDString = 3FFE390527DD2A4800D47F5C;
			remoteInfo = DataCoreApp;
		};
		3FFE392A27DD2A4A00D47F5C /* PBXContainerItemProxy */ = {
			isa = PBXContainerItemProxy;
			containerPortal = 3FFE38FE27DD2A4800D47F5C /* Project object */;
			proxyType = 1;
			remoteGlobalIDString = 3FFE390527DD2A4800D47F5C;
			remoteInfo = DataCoreApp;
		};
/* End PBXContainerItemProxy section */

/* Begin PBXFileReference section */
		3FFE390627DD2A4800D47F5C /* DataCoreApp.app */ = {isa = PBXFileReference; explicitFileType = wrapper.application; includeInIndex = 0; path = DataCoreApp.app; sourceTree = BUILT_PRODUCTS_DIR; };
		3FFE390927DD2A4800D47F5C /* AppDelegate.swift */ = {isa = PBXFileReference; lastKnownFileType = sourcecode.swift; path = AppDelegate.swift; sourceTree = "<group>"; };
		3FFE390B27DD2A4800D47F5C /* SceneDelegate.swift */ = {isa = PBXFileReference; lastKnownFileType = sourcecode.swift; path = SceneDelegate.swift; sourceTree = "<group>"; };
		3FFE390D27DD2A4800D47F5C /* ViewController.swift */ = {isa = PBXFileReference; lastKnownFileType = sourcecode.swift; path = ViewController.swift; sourceTree = "<group>"; };
		3FFE391027DD2A4800D47F5C /* Base */ = {isa = PBXFileReference; lastKnownFileType = file.storyboard; name = Base; path = Base.lproj/Main.storyboard; sourceTree = "<group>"; };
		3FFE391327DD2A4800D47F5C /* DataCoreApp.xcdatamodel */ = {isa = PBXFileReference; lastKnownFileType = wrapper.xcdatamodel; path = DataCoreApp.xcdatamodel; sourceTree = "<group>"; };
		3FFE391527DD2A4900D47F5C /* Assets.xcassets */ = {isa = PBXFileReference; lastKnownFileType = folder.assetcatalog; path = Assets.xcassets; sourceTree = "<group>"; };
		3FFE391827DD2A4900D47F5C /* Base */ = {isa = PBXFileReference; lastKnownFileType = file.storyboard; name = Base; path = Base.lproj/LaunchScreen.storyboard; sourceTree = "<group>"; };
		3FFE391A27DD2A4900D47F5C /* Info.plist */ = {isa = PBXFileReference; lastKnownFileType = text.plist.xml; path = Info.plist; sourceTree = "<group>"; };
		3FFE391F27DD2A4A00D47F5C /* DataCoreAppTests.xctest */ = {isa = PBXFileReference; explicitFileType = wrapper.cfbundle; includeInIndex = 0; path = DataCoreAppTests.xctest; sourceTree = BUILT_PRODUCTS_DIR; };
		3FFE392327DD2A4A00D47F5C /* DataCoreAppTests.swift */ = {isa = PBXFileReference; lastKnownFileType = sourcecode.swift; path = DataCoreAppTests.swift; sourceTree = "<group>"; };
		3FFE392927DD2A4A00D47F5C /* DataCoreAppUITests.xctest */ = {isa = PBXFileReference; explicitFileType = wrapper.cfbundle; includeInIndex = 0; path = DataCoreAppUITests.xctest; sourceTree = BUILT_PRODUCTS_DIR; };
		3FFE392D27DD2A4A00D47F5C /* DataCoreAppUITests.swift */ = {isa = PBXFileReference; lastKnownFileType = sourcecode.swift; path = DataCoreAppUITests.swift; sourceTree = "<group>"; };
		3FFE392F27DD2A4A00D47F5C /* DataCoreAppUITestsLaunchTests.swift */ = {isa = PBXFileReference; lastKnownFileType = sourcecode.swift; path = DataCoreAppUITestsLaunchTests.swift; sourceTree = "<group>"; };
/* End PBXFileReference section */

/* Begin PBXFrameworksBuildPhase section */
		3FFE390327DD2A4800D47F5C /* Frameworks */ = {
			isa = PBXFrameworksBuildPhase;
			buildActionMask = 2147483647;
			files = (
			);
			runOnlyForDeploymentPostprocessing = 0;
		};
		3FFE391C27DD2A4A00D47F5C /* Frameworks */ = {
			isa = PBXFrameworksBuildPhase;
			buildActionMask = 2147483647;
			files = (
			);
			runOnlyForDeploymentPostprocessing = 0;
		};
		3FFE392627DD2A4A00D47F5C /* Frameworks */ = {
			isa = PBXFrameworksBuildPhase;
			buildActionMask = 2147483647;
			files = (
			);
			runOnlyForDeploymentPostprocessing = 0;
		};
/* End PBXFrameworksBuildPhase section */

/* Begin PBXGroup section */
		3FFE38FD27DD2A4800D47F5C = {
			isa = PBXGroup;
			children = (
				3FFE390827DD2A4800D47F5C /* DataCoreApp */,
				3FFE392227DD2A4A00D47F5C /* DataCoreAppTests */,
				3FFE392C27DD2A4A00D47F5C /* DataCoreAppUITests */,
				3FFE390727DD2A4800D47F5C /* Products */,
			);
			sourceTree = "<group>";
		};
		3FFE390727DD2A4800D47F5C /* Products */ = {
			isa = PBXGroup;
			children = (
				3FFE390627DD2A4800D47F5C /* DataCoreApp.app */,
				3FFE391F27DD2A4A00D47F5C /* DataCoreAppTests.xctest */,
				3FFE392927DD2A4A00D47F5C /* DataCoreAppUITests.xctest */,
			);
			name = Products;
			sourceTree = "<group>";
		};
		3FFE390827DD2A4800D47F5C /* DataCoreApp */ = {
			isa = PBXGroup;
			children = (
				3FFE390927DD2A4800D47F5C /* AppDelegate.swift */,
				3FFE390B27DD2A4800D47F5C /* SceneDelegate.swift */,
				3FFE390D27DD2A4800D47F5C /* ViewController.swift */,
				3FFE390F27DD2A4800D47F5C /* Main.storyboard */,
				3FFE391527DD2A4900D47F5C /* Assets.xcassets */,
				3FFE391727DD2A4900D47F5C /* LaunchScreen.storyboard */,
				3FFE391A27DD2A4900D47F5C /* Info.plist */,
				3FFE391227DD2A4800D47F5C /* DataCoreApp.xcdatamodeld */,
			);
			path = DataCoreApp;
			sourceTree = "<group>";
		};
		3FFE392227DD2A4A00D47F5C /* DataCoreAppTests */ = {
			isa = PBXGroup;
			children = (
				3FFE392327DD2A4A00D47F5C /* DataCoreAppTests.swift */,
			);
			path = DataCoreAppTests;
			sourceTree = "<group>";
		};
		3FFE392C27DD2A4A00D47F5C /* DataCoreAppUITests */ = {
			isa = PBXGroup;
			children = (
				3FFE392D27DD2A4A00D47F5C /* DataCoreAppUITests.swift */,
				3FFE392F27DD2A4A00D47F5C /* DataCoreAppUITestsLaunchTests.swift */,
			);
			path = DataCoreAppUITests;
			sourceTree = "<group>";
		};
/* End PBXGroup section */

/* Begin PBXNativeTarget section */
		3FFE390527DD2A4800D47F5C /* DataCoreApp */ = {
			isa = PBXNativeTarget;
			buildConfigurationList = 3FFE393327DD2A4A00D47F5C /* Build configuration list for PBXNativeTarget "DataCoreApp" */;
			buildPhases = (
				3FFE390227DD2A4800D47F5C /* Sources */,
				3FFE390327DD2A4800D47F5C /* Frameworks */,
				3FFE390427DD2A4800D47F5C /* Resources */,
			);
			buildRules = (
			);
			dependencies = (
			);
			name = DataCoreApp;
			productName = DataCoreApp;
			productReference = 3FFE390627DD2A4800D47F5C /* DataCoreApp.app */;
			productType = "com.apple.product-type.application";
		};
		3FFE391E27DD2A4A00D47F5C /* DataCoreAppTests */ = {
			isa = PBXNativeTarget;
			buildConfigurationList = 3FFE393627DD2A4A00D47F5C /* Build configuration list for PBXNativeTarget "DataCoreAppTests" */;
			buildPhases = (
				3FFE391B27DD2A4A00D47F5C /* Sources */,
				3FFE391C27DD2A4A00D47F5C /* Frameworks */,
				3FFE391D27DD2A4A00D47F5C /* Resources */,
			);
			buildRules = (
			);
			dependencies = (
				3FFE392127DD2A4A00D47F5C /* PBXTargetDependency */,
			);
			name = DataCoreAppTests;
			productName = DataCoreAppTests;
			productReference = 3FFE391F27DD2A4A00D47F5C /* DataCoreAppTests.xctest */;
			productType = "com.apple.product-type.bundle.unit-test";
		};
		3FFE392827DD2A4A00D47F5C /* DataCoreAppUITests */ = {
			isa = PBXNativeTarget;
			buildConfigurationList = 3FFE393927DD2A4A00D47F5C /* Build configuration list for PBXNativeTarget "DataCoreAppUITests" */;
			buildPhases = (
				3FFE392527DD2A4A00D47F5C /* Sources */,
				3FFE392627DD2A4A00D47F5C /* Frameworks */,
				3FFE392727DD2A4A00D47F5C /* Resources */,
			);
			buildRules = (
			);
			dependencies = (
				3FFE392B27DD2A4A00D47F5C /* PBXTargetDependency */,
			);
			name = DataCoreAppUITests;
			productName = DataCoreAppUITests;
			productReference = 3FFE392927DD2A4A00D47F5C /* DataCoreAppUITests.xctest */;
			productType = "com.apple.product-type.bundle.ui-testing";
		};
/* End PBXNativeTarget section */

/* Begin PBXProject section */
		3FFE38FE27DD2A4800D47F5C /* Project object */ = {
			isa = PBXProject;
			attributes = {
				BuildIndependentTargetsInParallel = 1;
				LastSwiftUpdateCheck = 1320;
				LastUpgradeCheck = 1320;
				TargetAttributes = {
					3FFE390527DD2A4800D47F5C = {
						CreatedOnToolsVersion = 13.2.1;
					};
					3FFE391E27DD2A4A00D47F5C = {
						CreatedOnToolsVersion = 13.2.1;
						TestTargetID = 3FFE390527DD2A4800D47F5C;
					};
					3FFE392827DD2A4A00D47F5C = {
						CreatedOnToolsVersion = 13.2.1;
						TestTargetID = 3FFE390527DD2A4800D47F5C;
					};
				};
			};
			buildConfigurationList = 3FFE390127DD2A4800D47F5C /* Build configuration list for PBXProject "DataCoreApp" */;
			compatibilityVersion = "Xcode 13.0";
			developmentRegion = en;
			hasScannedForEncodings = 0;
			knownRegions = (
				en,
				Base,
			);
			mainGroup = 3FFE38FD27DD2A4800D47F5C;
			productRefGroup = 3FFE390727DD2A4800D47F5C /* Products */;
			projectDirPath = "";
			projectRoot = "";
			targets = (
				3FFE390527DD2A4800D47F5C /* DataCoreApp */,
				3FFE391E27DD2A4A00D47F5C /* DataCoreAppTests */,
				3FFE392827DD2A4A00D47F5C /* DataCoreAppUITests */,
			);
		};
/* End PBXProject section */

/* Begin PBXResourcesBuildPhase section */
		3FFE390427DD2A4800D47F5C /* Resources */ = {
			isa = PBXResourcesBuildPhase;
			buildActionMask = 2147483647;
			files = (
				3FFE391927DD2A4900D47F5C /* LaunchScreen.storyboard in Resources */,
				3FFE391627DD2A4900D47F5C /* Assets.xcassets in Resources */,
				3FFE391127DD2A4800D47F5C /* Main.storyboard in Resources */,
			);
			runOnlyForDeploymentPostprocessing = 0;
		};
		3FFE391D27DD2A4A00D47F5C /* Resources */ = {
			isa = PBXResourcesBuildPhase;
			buildActionMask = 2147483647;
			files = (
			);
			runOnlyForDeploymentPostprocessing = 0;
		};
		3FFE392727DD2A4A00D47F5C /* Resources */ = {
			isa = PBXResourcesBuildPhase;
			buildActionMask = 2147483647;
			files = (
			);
			runOnlyForDeploymentPostprocessing = 0;
		};
/* End PBXResourcesBuildPhase section */

/* Begin PBXSourcesBuildPhase section */
		3FFE390227DD2A4800D47F5C /* Sources */ = {
			isa = PBXSourcesBuildPhase;
			buildActionMask = 2147483647;
			files = (
				3FFE391427DD2A4800D47F5C /* DataCoreApp.xcdatamodeld in Sources */,
				3FFE390E27DD2A4800D47F5C /* ViewController.swift in Sources */,
				3FFE390A27DD2A4800D47F5C /* AppDelegate.swift in Sources */,
				3FFE390C27DD2A4800D47F5C /* SceneDelegate.swift in Sources */,
			);
			runOnlyForDeploymentPostprocessing = 0;
		};
		3FFE391B27DD2A4A00D47F5C /* Sources */ = {
			isa = PBXSourcesBuildPhase;
			buildActionMask = 2147483647;
			files = (
				3FFE392427DD2A4A00D47F5C /* DataCoreAppTests.swift in Sources */,
			);
			runOnlyForDeploymentPostprocessing = 0;
		};
		3FFE392527DD2A4A00D47F5C /* Sources */ = {
			isa = PBXSourcesBuildPhase;
			buildActionMask = 2147483647;
			files = (
				3FFE392E27DD2A4A00D47F5C /* DataCoreAppUITests.swift in Sources */,
				3FFE393027DD2A4A00D47F5C /* DataCoreAppUITestsLaunchTests.swift in Sources */,
			);
			runOnlyForDeploymentPostprocessing = 0;
		};
/* End PBXSourcesBuildPhase section */

/* Begin PBXTargetDependency section */
		3FFE392127DD2A4A00D47F5C /* PBXTargetDependency */ = {
			isa = PBXTargetDependency;
			target = 3FFE390527DD2A4800D47F5C /* DataCoreApp */;
			targetProxy = 3FFE392027DD2A4A00D47F5C /* PBXContainerItemProxy */;
		};
		3FFE392B27DD2A4A00D47F5C /* PBXTargetDependency */ = {
			isa = PBXTargetDependency;
			target = 3FFE390527DD2A4800D47F5C /* DataCoreApp */;
			targetProxy = 3FFE392A27DD2A4A00D47F5C /* PBXContainerItemProxy */;
		};
/* End PBXTargetDependency section */

/* Begin PBXVariantGroup section */
		3FFE390F27DD2A4800D47F5C /* Main.storyboard */ = {
			isa = PBXVariantGroup;
			children = (
				3FFE391027DD2A4800D47F5C /* Base */,
			);
			name = Main.storyboard;
			sourceTree = "<group>";
		};
		3FFE391727DD2A4900D47F5C /* LaunchScreen.storyboard */ = {
			isa = PBXVariantGroup;
			children = (
				3FFE391827DD2A4900D47F5C /* Base */,
			);
			name = LaunchScreen.storyboard;
			sourceTree = "<group>";
		};
/* End PBXVariantGroup section */

/* Begin XCBuildConfiguration section */
		3FFE393127DD2A4A00D47F5C /* Debug */ = {
			isa = XCBuildConfiguration;
			buildSettings = {
				ALWAYS_SEARCH_USER_PATHS = NO;
				CLANG_ANALYZER_NONNULL = YES;
				CLANG_ANALYZER_NUMBER_OBJECT_CONVERSION = YES_AGGRESSIVE;
				CLANG_CXX_LANGUAGE_STANDARD = "gnu++17";
				CLANG_CXX_LIBRARY = "libc++";
				CLANG_ENABLE_MODULES = YES;
				CLANG_ENABLE_OBJC_ARC = YES;
				CLANG_ENABLE_OBJC_WEAK = YES;
				CLANG_WARN_BLOCK_CAPTURE_AUTORELEASING = YES;
				CLANG_WARN_BOOL_CONVERSION = YES;
				CLANG_WARN_COMMA = YES;
				CLANG_WARN_CONSTANT_CONVERSION = YES;
				CLANG_WARN_DEPRECATED_OBJC_IMPLEMENTATIONS = YES;
				CLANG_WARN_DIRECT_OBJC_ISA_USAGE = YES_ERROR;
				CLANG_WARN_DOCUMENTATION_COMMENTS = YES;
				CLANG_WARN_EMPTY_BODY = YES;
				CLANG_WARN_ENUM_CONVERSION = YES;
				CLANG_WARN_INFINITE_RECURSION = YES;
				CLANG_WARN_INT_CONVERSION = YES;
				CLANG_WARN_NON_LITERAL_NULL_CONVERSION = YES;
				CLANG_WARN_OBJC_IMPLICIT_RETAIN_SELF = YES;
				CLANG_WARN_OBJC_LITERAL_CONVERSION = YES;
				CLANG_WARN_OBJC_ROOT_CLASS = YES_ERROR;
				CLANG_WARN_QUOTED_INCLUDE_IN_FRAMEWORK_HEADER = YES;
				CLANG_WARN_RANGE_LOOP_ANALYSIS = YES;
				CLANG_WARN_STRICT_PROTOTYPES = YES;
				CLANG_WARN_SUSPICIOUS_MOVE = YES;
				CLANG_WARN_UNGUARDED_AVAILABILITY = YES_AGGRESSIVE;
				CLANG_WARN_UNREACHABLE_CODE = YES;
				CLANG_WARN__DUPLICATE_METHOD_MATCH = YES;
				COPY_PHASE_STRIP = NO;
				DEBUG_INFORMATION_FORMAT = dwarf;
				ENABLE_STRICT_OBJC_MSGSEND = YES;
				ENABLE_TESTABILITY = YES;
				GCC_C_LANGUAGE_STANDARD = gnu11;
				GCC_DYNAMIC_NO_PIC = NO;
				GCC_NO_COMMON_BLOCKS = YES;
				GCC_OPTIMIZATION_LEVEL = 0;
				GCC_PREPROCESSOR_DEFINITIONS = (
					"DEBUG=1",
					"$(inherited)",
				);
				GCC_WARN_64_TO_32_BIT_CONVERSION = YES;
				GCC_WARN_ABOUT_RETURN_TYPE = YES_ERROR;
				GCC_WARN_UNDECLARED_SELECTOR = YES;
				GCC_WARN_UNINITIALIZED_AUTOS = YES_AGGRESSIVE;
				GCC_WARN_UNUSED_FUNCTION = YES;
				GCC_WARN_UNUSED_VARIABLE = YES;
				IPHONEOS_DEPLOYMENT_TARGET = 15.2;
				MTL_ENABLE_DEBUG_INFO = INCLUDE_SOURCE;
				MTL_FAST_MATH = YES;
				ONLY_ACTIVE_ARCH = YES;
				SDKROOT = iphoneos;
				SWIFT_ACTIVE_COMPILATION_CONDITIONS = DEBUG;
				SWIFT_OPTIMIZATION_LEVEL = "-Onone";
			};
			name = Debug;
		};
		3FFE393227DD2A4A00D47F5C /* Release */ = {
			isa = XCBuildConfiguration;
			buildSettings = {
				ALWAYS_SEARCH_USER_PATHS = NO;
				CLANG_ANALYZER_NONNULL = YES;
				CLANG_ANALYZER_NUMBER_OBJECT_CONVERSION = YES_AGGRESSIVE;
				CLANG_CXX_LANGUAGE_STANDARD = "gnu++17";
				CLANG_CXX_LIBRARY = "libc++";
				CLANG_ENABLE_MODULES = YES;
				CLANG_ENABLE_OBJC_ARC = YES;
				CLANG_ENABLE_OBJC_WEAK = YES;
				CLANG_WARN_BLOCK_CAPTURE_AUTORELEASING = YES;
				CLANG_WARN_BOOL_CONVERSION = YES;
				CLANG_WARN_COMMA = YES;
				CLANG_WARN_CONSTANT_CONVERSION = YES;
				CLANG_WARN_DEPRECATED_OBJC_IMPLEMENTATIONS = YES;
				CLANG_WARN_DIRECT_OBJC_ISA_USAGE = YES_ERROR;
				CLANG_WARN_DOCUMENTATION_COMMENTS = YES;
				CLANG_WARN_EMPTY_BODY = YES;
				CLANG_WARN_ENUM_CONVERSION = YES;
				CLANG_WARN_INFINITE_RECURSION = YES;
				CLANG_WARN_INT_CONVERSION = YES;
				CLANG_WARN_NON_LITERAL_NULL_CONVERSION = YES;
				CLANG_WARN_OBJC_IMPLICIT_RETAIN_SELF = YES;
				CLANG_WARN_OBJC_LITERAL_CONVERSION = YES;
				CLANG_WARN_OBJC_ROOT_CLASS = YES_ERROR;
				CLANG_WARN_QUOTED_INCLUDE_IN_FRAMEWORK_HEADER = YES;
				CLANG_WARN_RANGE_LOOP_ANALYSIS = YES;
				CLANG_WARN_STRICT_PROTOTYPES = YES;
				CLANG_WARN_SUSPICIOUS_MOVE = YES;
				CLANG_WARN_UNGUARDED_AVAILABILITY = YES_AGGRESSIVE;
				CLANG_WARN_UNREACHABLE_CODE = YES;
				CLANG_WARN__DUPLICATE_METHOD_MATCH = YES;
				COPY_PHASE_STRIP = NO;
				DEBUG_INFORMATION_FORMAT = "dwarf-with-dsym";
				ENABLE_NS_ASSERTIONS = NO;
				ENABLE_STRICT_OBJC_MSGSEND = YES;
				GCC_C_LANGUAGE_STANDARD = gnu11;
				GCC_NO_COMMON_BLOCKS = YES;
				GCC_WARN_64_TO_32_BIT_CONVERSION = YES;
				GCC_WARN_ABOUT_RETURN_TYPE = YES_ERROR;
				GCC_WARN_UNDECLARED_SELECTOR = YES;
				GCC_WARN_UNINITIALIZED_AUTOS = YES_AGGRESSIVE;
				GCC_WARN_UNUSED_FUNCTION = YES;
				GCC_WARN_UNUSED_VARIABLE = YES;
				IPHONEOS_DEPLOYMENT_TARGET = 15.2;
				MTL_ENABLE_DEBUG_INFO = NO;
				MTL_FAST_MATH = YES;
				SDKROOT = iphoneos;
				SWIFT_COMPILATION_MODE = wholemodule;
				SWIFT_OPTIMIZATION_LEVEL = "-O";
				VALIDATE_PRODUCT = YES;
			};
			name = Release;
		};
		3FFE393427DD2A4A00D47F5C /* Debug */ = {
			isa = XCBuildConfiguration;
			buildSettings = {
				ASSETCATALOG_COMPILER_APPICON_NAME = AppIcon;
				ASSETCATALOG_COMPILER_GLOBAL_ACCENT_COLOR_NAME = AccentColor;
				CODE_SIGN_STYLE = Automatic;
				CURRENT_PROJECT_VERSION = 1;
				GENERATE_INFOPLIST_FILE = YES;
				INFOPLIST_FILE = DataCoreApp/Info.plist;
				INFOPLIST_KEY_UIApplicationSupportsIndirectInputEvents = YES;
				INFOPLIST_KEY_UILaunchStoryboardName = LaunchScreen;
				INFOPLIST_KEY_UIMainStoryboardFile = Main;
				INFOPLIST_KEY_UISupportedInterfaceOrientations_iPad = "UIInterfaceOrientationPortrait UIInterfaceOrientationPortraitUpsideDown UIInterfaceOrientationLandscapeLeft UIInterfaceOrientationLandscapeRight";
				INFOPLIST_KEY_UISupportedInterfaceOrientations_iPhone = "UIInterfaceOrientationPortrait UIInterfaceOrientationLandscapeLeft UIInterfaceOrientationLandscapeRight";
				LD_RUNPATH_SEARCH_PATHS = (
					"$(inherited)",
					"@executable_path/Frameworks",
				);
				MARKETING_VERSION = 1.0;
				PRODUCT_BUNDLE_IDENTIFIER = MCC.DataCoreApp;
				PRODUCT_NAME = "$(TARGET_NAME)";
				SWIFT_EMIT_LOC_STRINGS = YES;
				SWIFT_VERSION = 5.0;
				TARGETED_DEVICE_FAMILY = "1,2";
			};
			name = Debug;
		};
		3FFE393527DD2A4A00D47F5C /* Release */ = {
			isa = XCBuildConfiguration;
			buildSettings = {
				ASSETCATALOG_COMPILER_APPICON_NAME = AppIcon;
				ASSETCATALOG_COMPILER_GLOBAL_ACCENT_COLOR_NAME = AccentColor;
				CODE_SIGN_STYLE = Automatic;
				CURRENT_PROJECT_VERSION = 1;
				GENERATE_INFOPLIST_FILE = YES;
				INFOPLIST_FILE = DataCoreApp/Info.plist;
				INFOPLIST_KEY_UIApplicationSupportsIndirectInputEvents = YES;
				INFOPLIST_KEY_UILaunchStoryboardName = LaunchScreen;
				INFOPLIST_KEY_UIMainStoryboardFile = Main;
				INFOPLIST_KEY_UISupportedInterfaceOrientations_iPad = "UIInterfaceOrientationPortrait UIInterfaceOrientationPortraitUpsideDown UIInterfaceOrientationLandscapeLeft UIInterfaceOrientationLandscapeRight";
				INFOPLIST_KEY_UISupportedInterfaceOrientations_iPhone = "UIInterfaceOrientationPortrait UIInterfaceOrientationLandscapeLeft UIInterfaceOrientationLandscapeRight";
				LD_RUNPATH_SEARCH_PATHS = (
					"$(inherited)",
					"@executable_path/Frameworks",
				);
				MARKETING_VERSION = 1.0;
				PRODUCT_BUNDLE_IDENTIFIER = MCC.DataCoreApp;
				PRODUCT_NAME = "$(TARGET_NAME)";
				SWIFT_EMIT_LOC_STRINGS = YES;
				SWIFT_VERSION = 5.0;
				TARGETED_DEVICE_FAMILY = "1,2";
			};
			name = Release;
		};
		3FFE393727DD2A4A00D47F5C /* Debug */ = {
			isa = XCBuildConfiguration;
			buildSettings = {
				ALWAYS_EMBED_SWIFT_STANDARD_LIBRARIES = YES;
				BUNDLE_LOADER = "$(TEST_HOST)";
				CODE_SIGN_STYLE = Automatic;
				CURRENT_PROJECT_VERSION = 1;
				GENERATE_INFOPLIST_FILE = YES;
				IPHONEOS_DEPLOYMENT_TARGET = 15.2;
				MARKETING_VERSION = 1.0;
				PRODUCT_BUNDLE_IDENTIFIER = MCC.DataCoreAppTests;
				PRODUCT_NAME = "$(TARGET_NAME)";
				SWIFT_EMIT_LOC_STRINGS = NO;
				SWIFT_VERSION = 5.0;
				TARGETED_DEVICE_FAMILY = "1,2";
				TEST_HOST = "$(BUILT_PRODUCTS_DIR)/DataCoreApp.app/DataCoreApp";
			};
			name = Debug;
		};
		3FFE393827DD2A4A00D47F5C /* Release */ = {
			isa = XCBuildConfiguration;
			buildSettings = {
				ALWAYS_EMBED_SWIFT_STANDARD_LIBRARIES = YES;
				BUNDLE_LOADER = "$(TEST_HOST)";
				CODE_SIGN_STYLE = Automatic;
				CURRENT_PROJECT_VERSION = 1;
				GENERATE_INFOPLIST_FILE = YES;
				IPHONEOS_DEPLOYMENT_TARGET = 15.2;
				MARKETING_VERSION = 1.0;
				PRODUCT_BUNDLE_IDENTIFIER = MCC.DataCoreAppTests;
				PRODUCT_NAME = "$(TARGET_NAME)";
				SWIFT_EMIT_LOC_STRINGS = NO;
				SWIFT_VERSION = 5.0;
				TARGETED_DEVICE_FAMILY = "1,2";
				TEST_HOST = "$(BUILT_PRODUCTS_DIR)/DataCoreApp.app/DataCoreApp";
			};
			name = Release;
		};
		3FFE393A27DD2A4A00D47F5C /* Debug */ = {
			isa = XCBuildConfiguration;
			buildSettings = {
				ALWAYS_EMBED_SWIFT_STANDARD_LIBRARIES = YES;
				CODE_SIGN_STYLE = Automatic;
				CURRENT_PROJECT_VERSION = 1;
				GENERATE_INFOPLIST_FILE = YES;
				MARKETING_VERSION = 1.0;
				PRODUCT_BUNDLE_IDENTIFIER = MCC.DataCoreAppUITests;
				PRODUCT_NAME = "$(TARGET_NAME)";
				SWIFT_EMIT_LOC_STRINGS = NO;
				SWIFT_VERSION = 5.0;
				TARGETED_DEVICE_FAMILY = "1,2";
				TEST_TARGET_NAME = DataCoreApp;
			};
			name = Debug;
		};
		3FFE393B27DD2A4A00D47F5C /* Release */ = {
			isa = XCBuildConfiguration;
			buildSettings = {
				ALWAYS_EMBED_SWIFT_STANDARD_LIBRARIES = YES;
				CODE_SIGN_STYLE = Automatic;
				CURRENT_PROJECT_VERSION = 1;
				GENERATE_INFOPLIST_FILE = YES;
				MARKETING_VERSION = 1.0;
				PRODUCT_BUNDLE_IDENTIFIER = MCC.DataCoreAppUITests;
				PRODUCT_NAME = "$(TARGET_NAME)";
				SWIFT_EMIT_LOC_STRINGS = NO;
				SWIFT_VERSION = 5.0;
				TARGETED_DEVICE_FAMILY = "1,2";
				TEST_TARGET_NAME = DataCoreApp;
			};
			name = Release;
		};
/* End XCBuildConfiguration section */

/* Begin XCConfigurationList section */
		3FFE390127DD2A4800D47F5C /* Build configuration list for PBXProject "DataCoreApp" */ = {
			isa = XCConfigurationList;
			buildConfigurations = (
				3FFE393127DD2A4A00D47F5C /* Debug */,
				3FFE393227DD2A4A00D47F5C /* Release */,
			);
			defaultConfigurationIsVisible = 0;
			defaultConfigurationName = Release;
		};
		3FFE393327DD2A4A00D47F5C /* Build configuration list for PBXNativeTarget "DataCoreApp" */ = {
			isa = XCConfigurationList;
			buildConfigurations = (
				3FFE393427DD2A4A00D47F5C /* Debug */,
				3FFE393527DD2A4A00D47F5C /* Release */,
			);
			defaultConfigurationIsVisible = 0;
			defaultConfigurationName = Release;
		};
		3FFE393627DD2A4A00D47F5C /* Build configuration list for PBXNativeTarget "DataCoreAppTests" */ = {
			isa = XCConfigurationList;
			buildConfigurations = (
				3FFE393727DD2A4A00D47F5C /* Debug */,
				3FFE393827DD2A4A00D47F5C /* Release */,
			);
			defaultConfigurationIsVisible = 0;
			defaultConfigurationName = Release;
		};
		3FFE393927DD2A4A00D47F5C /* Build configuration list for PBXNativeTarget "DataCoreAppUITests" */ = {
			isa = XCConfigurationList;
			buildConfigurations = (
				3FFE393A27DD2A4A00D47F5C /* Debug */,
				3FFE393B27DD2A4A00D47F5C /* Release */,
			);
			defaultConfigurationIsVisible = 0;
			defaultConfigurationName = Release;
		};
/* End XCConfigurationList section */

/* Begin XCVersionGroup section */
		3FFE391227DD2A4800D47F5C /* DataCoreApp.xcdatamodeld */ = {
			isa = XCVersionGroup;
			children = (
				3FFE391327DD2A4800D47F5C /* DataCoreApp.xcdatamodel */,
			);
			currentVersion = 3FFE391327DD2A4800D47F5C /* DataCoreApp.xcdatamodel */;
			path = DataCoreApp.xcdatamodeld;
			sourceTree = "<group>";
			versionGroupType = wrapper.xcdatamodel;
		};
/* End XCVersionGroup section */
	};
	rootObject = 3FFE38FE27DD2A4800D47F5C /* Project object */;
}
